
Microsoft Visual Studio Solution File, Format Version 12.00
# Visual Studio Version 17
VisualStudioVersion = 17.6.33712.159
MinimumVisualStudioVersion = 10.0.40219.1
Project("{FAE04EC0-301F-11D3-BF4B-00C04F79EFBC}") = "detectVideoAppEF", "detectVideoAppEF\detectVideoAppEF.csproj", "{57AE060E-B417-48EF-AB83-3890F16D24E3}"
EndProject
Project("{FAE04EC0-301F-11D3-BF4B-00C04F79EFBC}") = "DbServiceEFCoreV4", "DbServiceEFCoreV4\DbServiceEFCoreV4.csproj", "{E49ED978-C8D5-4490-AE15-723E58CB5465}"
EndProject
Global
	GlobalSection(SolutionConfigurationPlatforms) = preSolution
		Debug|Any CPU = Debug|Any CPU
		Release|Any CPU = Release|Any CPU
	EndGlobalSection
	GlobalSection(ProjectConfigurationPlatforms) = postSolution
		{57AE060E-B417-48EF-AB83-3890F16D24E3}.Debug|Any CPU.ActiveCfg = Debug|Any CPU
		{57AE060E-B417-48EF-AB83-3890F16D24E3}.Debug|Any CPU.Build.0 = Debug|Any CPU
		{57AE060E-B417-48EF-AB83-3890F16D24E3}.Release|Any CPU.ActiveCfg = Release|Any CPU
		{57AE060E-B417-48EF-AB83-3890F16D24E3}.Release|Any CPU.Build.0 = Release|Any CPU
		{E49ED978-C8D5-4490-AE15-723E58CB5465}.Debug|Any CPU.ActiveCfg = Debug|Any CPU
		{E49ED978-C8D5-4490-AE15-723E58CB5465}.Debug|Any CPU.Build.0 = Debug|Any CPU
		{E49ED978-C8D5-4490-AE15-723E58CB5465}.Release|Any CPU.ActiveCfg = Release|Any CPU
		{E49ED978-C8D5-4490-AE15-723E58CB5465}.Release|Any CPU.Build.0 = Release|Any CPU
	EndGlobalSection
	GlobalSection(SolutionProperties) = preSolution
		HideSolutionNode = FALSE
	EndGlobalSection
	GlobalSection(ExtensibilityGlobals) = postSolution
		SolutionGuid = {FE41AA19-C3FE-45FE-97A7-9CA9B2F53576}
	EndGlobalSection
EndGlobal
